// !$*UTF8*$!
{
	archiveVersion = 1;
	classes = {
	};
	objectVersion = 46;
	objects = {

/* Begin PBXBuildFile section */
		6AE3CA90ED43164646452300 /* Pods_LovePub.framework in Frameworks */ = {isa = PBXBuildFile; fileRef = 311AABC31DCC562F774F10C9 /* Pods_LovePub.framework */; };
		6EE4326D1EF083A80021474D /* Podfile in Resources */ = {isa = PBXBuildFile; fileRef = 6EE4326C1EF083A80021474D /* Podfile */; };
		6EE4326F1EF087EF0021474D /* User.swift in Sources */ = {isa = PBXBuildFile; fileRef = 6EE4326E1EF087EF0021474D /* User.swift */; };
		6EEA1D271EF07FB400EB465F /* AppDelegate.swift in Sources */ = {isa = PBXBuildFile; fileRef = 6EEA1D261EF07FB400EB465F /* AppDelegate.swift */; };
		6EEA1D2C1EF07FB400EB465F /* Main.storyboard in Resources */ = {isa = PBXBuildFile; fileRef = 6EEA1D2A1EF07FB400EB465F /* Main.storyboard */; };
		6EEA1D2E1EF07FB400EB465F /* Assets.xcassets in Resources */ = {isa = PBXBuildFile; fileRef = 6EEA1D2D1EF07FB400EB465F /* Assets.xcassets */; };
		6EEA1D311EF07FB400EB465F /* LaunchScreen.storyboard in Resources */ = {isa = PBXBuildFile; fileRef = 6EEA1D2F1EF07FB400EB465F /* LaunchScreen.storyboard */; };
/* End PBXBuildFile section */

/* Begin PBXFileReference section */
		311AABC31DCC562F774F10C9 /* Pods_LovePub.framework */ = {isa = PBXFileReference; explicitFileType = wrapper.framework; includeInIndex = 0; path = Pods_LovePub.framework; sourceTree = BUILT_PRODUCTS_DIR; };
		66F59CB92A8A52C7F538C11F /* Pods-LovePub.release.xcconfig */ = {isa = PBXFileReference; includeInIndex = 1; lastKnownFileType = text.xcconfig; name = "Pods-LovePub.release.xcconfig"; path = "Pods/Target Support Files/Pods-LovePub/Pods-LovePub.release.xcconfig"; sourceTree = "<group>"; };
		6EE4326C1EF083A80021474D /* Podfile */ = {isa = PBXFileReference; fileEncoding = 4; lastKnownFileType = text; path = Podfile; sourceTree = "<group>"; };
		6EE4326E1EF087EF0021474D /* User.swift */ = {isa = PBXFileReference; fileEncoding = 4; lastKnownFileType = sourcecode.swift; path = User.swift; sourceTree = "<group>"; };
		6EEA1D231EF07FB400EB465F /* LovePub.app */ = {isa = PBXFileReference; explicitFileType = wrapper.application; includeInIndex = 0; path = LovePub.app; sourceTree = BUILT_PRODUCTS_DIR; };
		6EEA1D261EF07FB400EB465F /* AppDelegate.swift */ = {isa = PBXFileReference; lastKnownFileType = sourcecode.swift; path = AppDelegate.swift; sourceTree = "<group>"; };
		6EEA1D2B1EF07FB400EB465F /* Base */ = {isa = PBXFileReference; lastKnownFileType = file.storyboard; name = Base; path = Base.lproj/Main.storyboard; sourceTree = "<group>"; };
		6EEA1D2D1EF07FB400EB465F /* Assets.xcassets */ = {isa = PBXFileReference; lastKnownFileType = folder.assetcatalog; path = Assets.xcassets; sourceTree = "<group>"; };
		6EEA1D301EF07FB400EB465F /* Base */ = {isa = PBXFileReference; lastKnownFileType = file.storyboard; name = Base; path = Base.lproj/LaunchScreen.storyboard; sourceTree = "<group>"; };
		6EEA1D321EF07FB400EB465F /* Info.plist */ = {isa = PBXFileReference; lastKnownFileType = text.plist.xml; path = Info.plist; sourceTree = "<group>"; };
		A60ADD5877D80CB6C8CA5C75 /* Pods-LovePub.debug.xcconfig */ = {isa = PBXFileReference; includeInIndex = 1; lastKnownFileType = text.xcconfig; name = "Pods-LovePub.debug.xcconfig"; path = "Pods/Target Support Files/Pods-LovePub/Pods-LovePub.debug.xcconfig"; sourceTree = "<group>"; };
/* End PBXFileReference section */

/* Begin PBXFrameworksBuildPhase section */
		6EEA1D201EF07FB400EB465F /* Frameworks */ = {
			isa = PBXFrameworksBuildPhase;
			buildActionMask = 2147483647;
			files = (
				6AE3CA90ED43164646452300 /* Pods_LovePub.framework in Frameworks */,
			);
			runOnlyForDeploymentPostprocessing = 0;
		};
/* End PBXFrameworksBuildPhase section */

/* Begin PBXGroup section */
		6EE432701EF087F70021474D /* Internet */ = {
			isa = PBXGroup;
			children = (
				6EE4326E1EF087EF0021474D /* User.swift */,
			);
			name = Internet;
			sourceTree = "<group>";
		};
		6EE432711EF088050021474D /* Model */ = {
			isa = PBXGroup;
			children = (
			);
			name = Model;
			sourceTree = "<group>";
		};
		6EE432721EF0880D0021474D /* Support */ = {
			isa = PBXGroup;
			children = (
				6EEA1D261EF07FB400EB465F /* AppDelegate.swift */,
				6EEA1D2D1EF07FB400EB465F /* Assets.xcassets */,
				6EEA1D2F1EF07FB400EB465F /* LaunchScreen.storyboard */,
				6EEA1D2A1EF07FB400EB465F /* Main.storyboard */,
			);
			name = Support;
			sourceTree = "<group>";
		};
		6EE432731EF0881E0021474D /* View Controller */ = {
			isa = PBXGroup;
			children = (
			);
			name = "View Controller";
			sourceTree = "<group>";
		};
		6EEA1D1A1EF07FB400EB465F = {
			isa = PBXGroup;
			children = (
				6EE4326C1EF083A80021474D /* Podfile */,
				6EEA1D251EF07FB400EB465F /* LovePub */,
				6EEA1D241EF07FB400EB465F /* Products */,
				7A2C1EEF120CCFAAAE8D1E27 /* Pods */,
				7B52E2F655EAC39FCE96F350 /* Frameworks */,
			);
			sourceTree = "<group>";
		};
		6EEA1D241EF07FB400EB465F /* Products */ = {
			isa = PBXGroup;
			children = (
				6EEA1D231EF07FB400EB465F /* LovePub.app */,
			);
			name = Products;
			sourceTree = "<group>";
		};
		6EEA1D251EF07FB400EB465F /* LovePub */ = {
			isa = PBXGroup;
			children = (
				6EE432731EF0881E0021474D /* View Controller */,
				6EE432721EF0880D0021474D /* Support */,
				6EE432711EF088050021474D /* Model */,
				6EE432701EF087F70021474D /* Internet */,
				6EEA1D321EF07FB400EB465F /* Info.plist */,
			);
			path = LovePub;
			sourceTree = "<group>";
		};
		7A2C1EEF120CCFAAAE8D1E27 /* Pods */ = {
			isa = PBXGroup;
			children = (
				A60ADD5877D80CB6C8CA5C75 /* Pods-LovePub.debug.xcconfig */,
				66F59CB92A8A52C7F538C11F /* Pods-LovePub.release.xcconfig */,
			);
			name = Pods;
			sourceTree = "<group>";
		};
		7B52E2F655EAC39FCE96F350 /* Frameworks */ = {
			isa = PBXGroup;
			children = (
				311AABC31DCC562F774F10C9 /* Pods_LovePub.framework */,
			);
			name = Frameworks;
			sourceTree = "<group>";
		};
/* End PBXGroup section */

/* Begin PBXNativeTarget section */
		6EEA1D221EF07FB400EB465F /* LovePub */ = {
			isa = PBXNativeTarget;
			buildConfigurationList = 6EEA1D351EF07FB400EB465F /* Build configuration list for PBXNativeTarget "LovePub" */;
			buildPhases = (
				421F2F8C33248D7F6078DD72 /* [CP] Check Pods Manifest.lock */,
				6EEA1D1F1EF07FB400EB465F /* Sources */,
				6EEA1D201EF07FB400EB465F /* Frameworks */,
				6EEA1D211EF07FB400EB465F /* Resources */,
				AD6D40777D4B15062B59843A /* [CP] Embed Pods Frameworks */,
				9051226C64863A9C25C7F175 /* [CP] Copy Pods Resources */,
			);
			buildRules = (
			);
			dependencies = (
			);
			name = LovePub;
			productName = LovePub;
			productReference = 6EEA1D231EF07FB400EB465F /* LovePub.app */;
			productType = "com.apple.product-type.application";
		};
/* End PBXNativeTarget section */

/* Begin PBXProject section */
		6EEA1D1B1EF07FB400EB465F /* Project object */ = {
			isa = PBXProject;
			attributes = {
				LastSwiftUpdateCheck = 0830;
				LastUpgradeCheck = 0830;
				ORGANIZATIONNAME = "Xie Liwei";
				TargetAttributes = {
					6EEA1D221EF07FB400EB465F = {
						CreatedOnToolsVersion = 8.3.1;
						DevelopmentTeam = QKMD9SP96X;
						ProvisioningStyle = Automatic;
					};
				};
			};
			buildConfigurationList = 6EEA1D1E1EF07FB400EB465F /* Build configuration list for PBXProject "LovePub" */;
			compatibilityVersion = "Xcode 3.2";
			developmentRegion = English;
			hasScannedForEncodings = 0;
			knownRegions = (
				en,
				Base,
			);
			mainGroup = 6EEA1D1A1EF07FB400EB465F;
			productRefGroup = 6EEA1D241EF07FB400EB465F /* Products */;
			projectDirPath = "";
			projectRoot = "";
			targets = (
				6EEA1D221EF07FB400EB465F /* LovePub */,
			);
		};
/* End PBXProject section */

/* Begin PBXResourcesBuildPhase section */
		6EEA1D211EF07FB400EB465F /* Resources */ = {
			isa = PBXResourcesBuildPhase;
			buildActionMask = 2147483647;
			files = (
				6EEA1D311EF07FB400EB465F /* LaunchScreen.storyboard in Resources */,
				6EEA1D2E1EF07FB400EB465F /* Assets.xcassets in Resources */,
				6EE4326D1EF083A80021474D /* Podfile in Resources */,
				6EEA1D2C1EF07FB400EB465F /* Main.storyboard in Resources */,
			);
			runOnlyForDeploymentPostprocessing = 0;
		};
/* End PBXResourcesBuildPhase section */

/* Begin PBXShellScriptBuildPhase section */
		421F2F8C33248D7F6078DD72 /* [CP] Check Pods Manifest.lock */ = {
			isa = PBXShellScriptBuildPhase;
			buildActionMask = 2147483647;
			files = (
			);
			inputPaths = (
			);
			name = "[CP] Check Pods Manifest.lock";
			outputPaths = (
			);
			runOnlyForDeploymentPostprocessing = 0;
			shellPath = /bin/sh;
			shellScript = "diff \"${PODS_ROOT}/../Podfile.lock\" \"${PODS_ROOT}/Manifest.lock\" > /dev/null\nif [ $? != 0 ] ; then\n    # print error to STDERR\n    echo \"error: The sandbox is not in sync with the Podfile.lock. Run 'pod install' or update your CocoaPods installation.\" >&2\n    exit 1\nfi\n";
			showEnvVarsInLog = 0;
		};
		9051226C64863A9C25C7F175 /* [CP] Copy Pods Resources */ = {
			isa = PBXShellScriptBuildPhase;
			buildActionMask = 2147483647;
			files = (
			);
			inputPaths = (
			);
			name = "[CP] Copy Pods Resources";
			outputPaths = (
			);
			runOnlyForDeploymentPostprocessing = 0;
			shellPath = /bin/sh;
			shellScript = "\"${SRCROOT}/Pods/Target Support Files/Pods-LovePub/Pods-LovePub-resources.sh\"\n";
			showEnvVarsInLog = 0;
		};
		AD6D40777D4B15062B59843A /* [CP] Embed Pods Frameworks */ = {
			isa = PBXShellScriptBuildPhase;
			buildActionMask = 2147483647;
			files = (
			);
			inputPaths = (
			);
			name = "[CP] Embed Pods Frameworks";
			outputPaths = (
			);
			runOnlyForDeploymentPostprocessing = 0;
			shellPath = /bin/sh;
			shellScript = "\"${SRCROOT}/Pods/Target Support Files/Pods-LovePub/Pods-LovePub-frameworks.sh\"\n";
			showEnvVarsInLog = 0;
		};
/* End PBXShellScriptBuildPhase section */

/* Begin PBXSourcesBuildPhase section */
		6EEA1D1F1EF07FB400EB465F /* Sources */ = {
			isa = PBXSourcesBuildPhase;
			buildActionMask = 2147483647;
			files = (
				6EEA1D271EF07FB400EB465F /* AppDelegate.swift in Sources */,
				6EE4326F1EF087EF0021474D /* User.swift in Sources */,
			);
			runOnlyForDeploymentPostprocessing = 0;
		};
/* End PBXSourcesBuildPhase section */

/* Begin PBXVariantGroup section */
		6EEA1D2A1EF07FB400EB465F /* Main.storyboard */ = {
			isa = PBXVariantGroup;
			children = (
				6EEA1D2B1EF07FB400EB465F /* Base */,
			);
			name = Main.storyboard;
			sourceTree = "<group>";
		};
		6EEA1D2F1EF07FB400EB465F /* LaunchScreen.storyboard */ = {
			isa = PBXVariantGroup;
			children = (
				6EEA1D301EF07FB400EB465F /* Base */,
			);
			name = LaunchScreen.storyboard;
			sourceTree = "<group>";
		};
/* End PBXVariantGroup section */

/* Begin XCBuildConfiguration section */
		6EEA1D331EF07FB400EB465F /* Debug */ = {
			isa = XCBuildConfiguration;
			buildSettings = {
				ALWAYS_SEARCH_USER_PATHS = NO;
				CLANG_ANALYZER_NONNULL = YES;
				CLANG_ANALYZER_NUMBER_OBJECT_CONVERSION = YES_AGGRESSIVE;
				CLANG_CXX_LANGUAGE_STANDARD = "gnu++0x";
				CLANG_CXX_LIBRARY = "libc++";
				CLANG_ENABLE_MODULES = YES;
				CLANG_ENABLE_OBJC_ARC = YES;
				CLANG_WARN_BOOL_CONVERSION = YES;
				CLANG_WARN_CONSTANT_CONVERSION = YES;
				CLANG_WARN_DIRECT_OBJC_ISA_USAGE = YES_ERROR;
				CLANG_WARN_DOCUMENTATION_COMMENTS = YES;
				CLANG_WARN_EMPTY_BODY = YES;
				CLANG_WARN_ENUM_CONVERSION = YES;
				CLANG_WARN_INFINITE_RECURSION = YES;
				CLANG_WARN_INT_CONVERSION = YES;
				CLANG_WARN_OBJC_ROOT_CLASS = YES_ERROR;
				CLANG_WARN_SUSPICIOUS_MOVE = YES;
				CLANG_WARN_UNREACHABLE_CODE = YES;
				CLANG_WARN__DUPLICATE_METHOD_MATCH = YES;
				"CODE_SIGN_IDENTITY[sdk=iphoneos*]" = "iPhone Developer";
				COPY_PHASE_STRIP = NO;
				DEBUG_INFORMATION_FORMAT = dwarf;
				ENABLE_STRICT_OBJC_MSGSEND = YES;
				ENABLE_TESTABILITY = YES;
				GCC_C_LANGUAGE_STANDARD = gnu99;
				GCC_DYNAMIC_NO_PIC = NO;
				GCC_NO_COMMON_BLOCKS = YES;
				GCC_OPTIMIZATION_LEVEL = 0;
				GCC_PREPROCESSOR_DEFINITIONS = (
					"DEBUG=1",
					"$(inherited)",
				);
				GCC_WARN_64_TO_32_BIT_CONVERSION = YES;
				GCC_WARN_ABOUT_RETURN_TYPE = YES_ERROR;
				GCC_WARN_UNDECLARED_SELECTOR = YES;
				GCC_WARN_UNINITIALIZED_AUTOS = YES_AGGRESSIVE;
				GCC_WARN_UNUSED_FUNCTION = YES;
				GCC_WARN_UNUSED_VARIABLE = YES;
				IPHONEOS_DEPLOYMENT_TARGET = 10.3;
				MTL_ENABLE_DEBUG_INFO = YES;
				ONLY_ACTIVE_ARCH = YES;
				SDKROOT = iphoneos;
				SWIFT_ACTIVE_COMPILATION_CONDITIONS = DEBUG;
				SWIFT_OPTIMIZATION_LEVEL = "-Onone";
				TARGETED_DEVICE_FAMILY = "1,2";
			};
			name = Debug;
		};
		6EEA1D341EF07FB400EB465F /* Release */ = {
			isa = XCBuildConfiguration;
			buildSettings = {
				ALWAYS_SEARCH_USER_PATHS = NO;
				CLANG_ANALYZER_NONNULL = YES;
				CLANG_ANALYZER_NUMBER_OBJECT_CONVERSION = YES_AGGRESSIVE;
				CLANG_CXX_LANGUAGE_STANDARD = "gnu++0x";
				CLANG_CXX_LIBRARY = "libc++";
				CLANG_ENABLE_MODULES = YES;
				CLANG_ENABLE_OBJC_ARC = YES;
				CLANG_WARN_BOOL_CONVERSION = YES;
				CLANG_WARN_CONSTANT_CONVERSION = YES;
				CLANG_WARN_DIRECT_OBJC_ISA_USAGE = YES_ERROR;
				CLANG_WARN_DOCUMENTATION_COMMENTS = YES;
				CLANG_WARN_EMPTY_BODY = YES;
				CLANG_WARN_ENUM_CONVERSION = YES;
				CLANG_WARN_INFINITE_RECURSION = YES;
				CLANG_WARN_INT_CONVERSION = YES;
				CLANG_WARN_OBJC_ROOT_CLASS = YES_ERROR;
				CLANG_WARN_SUSPICIOUS_MOVE = YES;
				CLANG_WARN_UNREACHABLE_CODE = YES;
				CLANG_WARN__DUPLICATE_METHOD_MATCH = YES;
				"CODE_SIGN_IDENTITY[sdk=iphoneos*]" = "iPhone Developer";
				COPY_PHASE_STRIP = NO;
				DEBUG_INFORMATION_FORMAT = "dwarf-with-dsym";
				ENABLE_NS_ASSERTIONS = NO;
				ENABLE_STRICT_OBJC_MSGSEND = YES;
				GCC_C_LANGUAGE_STANDARD = gnu99;
				GCC_NO_COMMON_BLOCKS = YES;
				GCC_WARN_64_TO_32_BIT_CONVERSION = YES;
				GCC_WARN_ABOUT_RETURN_TYPE = YES_ERROR;
				GCC_WARN_UNDECLARED_SELECTOR = YES;
				GCC_WARN_UNINITIALIZED_AUTOS = YES_AGGRESSIVE;
				GCC_WARN_UNUSED_FUNCTION = YES;
				GCC_WARN_UNUSED_VARIABLE = YES;
				IPHONEOS_DEPLOYMENT_TARGET = 10.3;
				MTL_ENABLE_DEBUG_INFO = NO;
				SDKROOT = iphoneos;
				SWIFT_OPTIMIZATION_LEVEL = "-Owholemodule";
				TARGETED_DEVICE_FAMILY = "1,2";
				VALIDATE_PRODUCT = YES;
			};
			name = Release;
		};
		6EEA1D361EF07FB400EB465F /* Debug */ = {
			isa = XCBuildConfiguration;
			baseConfigurationReference = A60ADD5877D80CB6C8CA5C75 /* Pods-LovePub.debug.xcconfig */;
			buildSettings = {
				ASSETCATALOG_COMPILER_APPICON_NAME = AppIcon;
				DEVELOPMENT_TEAM = QKMD9SP96X;
				INFOPLIST_FILE = LovePub/Info.plist;
				IPHONEOS_DEPLOYMENT_TARGET = 9.0;
				LD_RUNPATH_SEARCH_PATHS = "$(inherited) @executable_path/Frameworks";
				PRODUCT_BUNDLE_IDENTIFIER = xieliwei.LovePub;
				PRODUCT_NAME = "$(TARGET_NAME)";
				SWIFT_VERSION = 3.0;
			};
			name = Debug;
		};
		6EEA1D371EF07FB400EB465F /* Release */ = {
			isa = XCBuildConfiguration;
			baseConfigurationReference = 66F59CB92A8A52C7F538C11F /* Pods-LovePub.release.xcconfig */;
			buildSettings = {
				ASSETCATALOG_COMPILER_APPICON_NAME = AppIcon;
				DEVELOPMENT_TEAM = QKMD9SP96X;
				INFOPLIST_FILE = LovePub/Info.plist;
				IPHONEOS_DEPLOYMENT_TARGET = 9.0;
				LD_RUNPATH_SEARCH_PATHS = "$(inherited) @executable_path/Frameworks";
				PRODUCT_BUNDLE_IDENTIFIER = xieliwei.LovePub;
				PRODUCT_NAME = "$(TARGET_NAME)";
				SWIFT_VERSION = 3.0;
			};
			name = Release;
		};
/* End XCBuildConfiguration section */

/* Begin XCConfigurationList section */
		6EEA1D1E1EF07FB400EB465F /* Build configuration list for PBXProject "LovePub" */ = {
			isa = XCConfigurationList;
			buildConfigurations = (
				6EEA1D331EF07FB400EB465F /* Debug */,
				6EEA1D341EF07FB400EB465F /* Release */,
			);
			defaultConfigurationIsVisible = 0;
			defaultConfigurationName = Release;
		};
		6EEA1D351EF07FB400EB465F /* Build configuration list for PBXNativeTarget "LovePub" */ = {
			isa = XCConfigurationList;
			buildConfigurations = (
				6EEA1D361EF07FB400EB465F /* Debug */,
				6EEA1D371EF07FB400EB465F /* Release */,
			);
			defaultConfigurationIsVisible = 0;
			defaultConfigurationName = Release;
		};
/* End XCConfigurationList section */
	};
	rootObject = 6EEA1D1B1EF07FB400EB465F /* Project object */;
}
